
Microsoft Visual Studio Solution File, Format Version 12.00
# Visual Studio Version 16
VisualStudioVersion = 16.0.30717.126
MinimumVisualStudioVersion = 10.0.40219.1
Project("{9A19103F-16F7-4668-BE54-9A1E7A4F7556}") = "HolaMundoRazor", "HolaMundoRazor\HolaMundoRazor.csproj", "{B3DD8686-D6FC-464C-827E-7D06806DB5AC}"
EndProject
Global
	GlobalSection(SolutionConfigurationPlatforms) = preSolution
		Debug|Any CPU = Debug|Any CPU
		Release|Any CPU = Release|Any CPU
	EndGlobalSection
	GlobalSection(ProjectConfigurationPlatforms) = postSolution
		{B3DD8686-D6FC-464C-827E-7D06806DB5AC}.Debug|Any CPU.ActiveCfg = Debug|Any CPU
		{B3DD8686-D6FC-464C-827E-7D06806DB5AC}.Debug|Any CPU.Build.0 = Debug|Any CPU
		{B3DD8686-D6FC-464C-827E-7D06806DB5AC}.Release|Any CPU.ActiveCfg = Release|Any CPU
		{B3DD8686-D6FC-464C-827E-7D06806DB5AC}.Release|Any CPU.Build.0 = Release|Any CPU
	EndGlobalSection
	GlobalSection(SolutionProperties) = preSolution
		HideSolutionNode = FALSE
	EndGlobalSection
	GlobalSection(ExtensibilityGlobals) = postSolution
		SolutionGuid = {980CA8A9-C414-465B-A458-0E8F1FC502D6}
	EndGlobalSection
EndGlobal
